
Microsoft Visual Studio Solution File, Format Version 12.00
# Visual Studio Version 17
VisualStudioVersion = 17.1.32104.313
MinimumVisualStudioVersion = 10.0.40219.1
Project("{9A19103F-16F7-4668-BE54-9A1E7A4F7556}") = "CoolShop.WebApi", "src\CoolShop.WebApi\CoolShop.WebApi.csproj", "{33EE4248-D9DC-4418-AB05-FE3224A83129}"
EndProject
Project("{2150E333-8FDC-42A3-9474-1A3956D46DE8}") = "src", "src", "{D62C0EAB-9174-42D6-979E-7BF5E6115E5D}"
EndProject
Project("{2150E333-8FDC-42A3-9474-1A3956D46DE8}") = "test", "test", "{495D8327-20D6-48D7-B453-ACABAA101083}"
EndProject
Global
	GlobalSection(SolutionConfigurationPlatforms) = preSolution
		Debug|Any CPU = Debug|Any CPU
		Release|Any CPU = Release|Any CPU
	EndGlobalSection
	GlobalSection(ProjectConfigurationPlatforms) = postSolution
		{33EE4248-D9DC-4418-AB05-FE3224A83129}.Debug|Any CPU.ActiveCfg = Debug|Any CPU
		{33EE4248-D9DC-4418-AB05-FE3224A83129}.Debug|Any CPU.Build.0 = Debug|Any CPU
		{33EE4248-D9DC-4418-AB05-FE3224A83129}.Release|Any CPU.ActiveCfg = Release|Any CPU
		{33EE4248-D9DC-4418-AB05-FE3224A83129}.Release|Any CPU.Build.0 = Release|Any CPU
	EndGlobalSection
	GlobalSection(SolutionProperties) = preSolution
		HideSolutionNode = FALSE
	EndGlobalSection
	GlobalSection(NestedProjects) = preSolution
		{33EE4248-D9DC-4418-AB05-FE3224A83129} = {D62C0EAB-9174-42D6-979E-7BF5E6115E5D}
	EndGlobalSection
	GlobalSection(ExtensibilityGlobals) = postSolution
		SolutionGuid = {FA109E6F-975E-4D87-9AE1-EF51547D6F55}
	EndGlobalSection
EndGlobal
